
Microsoft Visual Studio Solution File, Format Version 12.00
# Visual Studio Version 16
VisualStudioVersion = 16.0.29326.143
MinimumVisualStudioVersion = 10.0.40219.1
Project("{FAE04EC0-301F-11D3-BF4B-00C04F79EFBC}") = "GirilenSayilariSiralamaOperasyonu_SortOrder", "GirilenSayilariSiralamaOperasyonu_SortOrder.csproj", "{CDC07580-B727-4ED4-A318-2384C8CC3BD6}"
EndProject
Global
	GlobalSection(SolutionConfigurationPlatforms) = preSolution
		Debug|Any CPU = Debug|Any CPU
		Release|Any CPU = Release|Any CPU
	EndGlobalSection
	GlobalSection(ProjectConfigurationPlatforms) = postSolution
		{CDC07580-B727-4ED4-A318-2384C8CC3BD6}.Debug|Any CPU.ActiveCfg = Debug|Any CPU
		{CDC07580-B727-4ED4-A318-2384C8CC3BD6}.Debug|Any CPU.Build.0 = Debug|Any CPU
		{CDC07580-B727-4ED4-A318-2384C8CC3BD6}.Release|Any CPU.ActiveCfg = Release|Any CPU
		{CDC07580-B727-4ED4-A318-2384C8CC3BD6}.Release|Any CPU.Build.0 = Release|Any CPU
	EndGlobalSection
	GlobalSection(SolutionProperties) = preSolution
		HideSolutionNode = FALSE
	EndGlobalSection
	GlobalSection(ExtensibilityGlobals) = postSolution
		SolutionGuid = {FD276359-40B9-4F96-A467-DCB4A7028E06}
	EndGlobalSection
EndGlobal
